// !$*UTF8*$!
{
	archiveVersion = 1;
	classes = {
	};
	objectVersion = 46;
	objects = {

/* Begin PBXBuildFile section */
		30C7EEED1A85C1C1002C1417 /* main.m in Sources */ = {isa = PBXBuildFile; fileRef = 30C7EEEC1A85C1C1002C1417 /* main.m */; };
		30C7EEF01A85C1C1002C1417 /* AppDelegate.m in Sources */ = {isa = PBXBuildFile; fileRef = 30C7EEEF1A85C1C1002C1417 /* AppDelegate.m */; };
		30C7EEF31A85C1C1002C1417 /* ViewController.m in Sources */ = {isa = PBXBuildFile; fileRef = 30C7EEF21A85C1C1002C1417 /* ViewController.m */; };
		30C7EEF61A85C1C1002C1417 /* Main.storyboard in Resources */ = {isa = PBXBuildFile; fileRef = 30C7EEF41A85C1C1002C1417 /* Main.storyboard */; };
		30C7EEF81A85C1C1002C1417 /* Images.xcassets in Resources */ = {isa = PBXBuildFile; fileRef = 30C7EEF71A85C1C1002C1417 /* Images.xcassets */; };
		30C7EEFB1A85C1C1002C1417 /* LaunchScreen.xib in Resources */ = {isa = PBXBuildFile; fileRef = 30C7EEF91A85C1C1002C1417 /* LaunchScreen.xib */; };
		30C7EF071A85C1C1002C1417 /* SudoMusicTests.m in Sources */ = {isa = PBXBuildFile; fileRef = 30C7EF061A85C1C1002C1417 /* SudoMusicTests.m */; };
		30C7EF111A85C1F1002C1417 /* AVFoundation.framework in Frameworks */ = {isa = PBXBuildFile; fileRef = 30C7EF101A85C1F1002C1417 /* AVFoundation.framework */; };
		9E98197E1A85CBD900470A53 /* QRCameraSwitchButton.m in Sources */ = {isa = PBXBuildFile; fileRef = 9E9819781A85CBD900470A53 /* QRCameraSwitchButton.m */; };
		9E98197F1A85CBD900470A53 /* QRCodeReaderView.m in Sources */ = {isa = PBXBuildFile; fileRef = 9E98197B1A85CBD900470A53 /* QRCodeReaderView.m */; };
		9E9819801A85CBD900470A53 /* QRCodeReaderViewController.m in Sources */ = {isa = PBXBuildFile; fileRef = 9E98197D1A85CBD900470A53 /* QRCodeReaderViewController.m */; };
		9EE11E321A85D9D30081031F /* InitialViewController.m in Sources */ = {isa = PBXBuildFile; fileRef = 9EE11E311A85D9D30081031F /* InitialViewController.m */; };
		C29C081E70DE0BE064E9A3C0 /* libPods.a in Frameworks */ = {isa = PBXBuildFile; fileRef = 6C4DF996241BE30C347BA493 /* libPods.a */; };
/* End PBXBuildFile section */

/* Begin PBXContainerItemProxy section */
		30C7EF011A85C1C1002C1417 /* PBXContainerItemProxy */ = {
			isa = PBXContainerItemProxy;
			containerPortal = 30C7EEDF1A85C1C1002C1417 /* Project object */;
			proxyType = 1;
			remoteGlobalIDString = 30C7EEE61A85C1C1002C1417;
			remoteInfo = SudoMusic;
		};
/* End PBXContainerItemProxy section */

/* Begin PBXFileReference section */
		1D16056CFCD5D6016BAA94CD /* Pods.debug.xcconfig */ = {isa = PBXFileReference; includeInIndex = 1; lastKnownFileType = text.xcconfig; name = Pods.debug.xcconfig; path = "Pods/Target Support Files/Pods/Pods.debug.xcconfig"; sourceTree = "<group>"; };
		30C7EEE71A85C1C1002C1417 /* SudoMusic.app */ = {isa = PBXFileReference; explicitFileType = wrapper.application; includeInIndex = 0; path = SudoMusic.app; sourceTree = BUILT_PRODUCTS_DIR; };
		30C7EEEB1A85C1C1002C1417 /* Info.plist */ = {isa = PBXFileReference; lastKnownFileType = text.plist.xml; path = Info.plist; sourceTree = "<group>"; };
		30C7EEEC1A85C1C1002C1417 /* main.m */ = {isa = PBXFileReference; lastKnownFileType = sourcecode.c.objc; path = main.m; sourceTree = "<group>"; };
		30C7EEEE1A85C1C1002C1417 /* AppDelegate.h */ = {isa = PBXFileReference; lastKnownFileType = sourcecode.c.h; path = AppDelegate.h; sourceTree = "<group>"; };
		30C7EEEF1A85C1C1002C1417 /* AppDelegate.m */ = {isa = PBXFileReference; lastKnownFileType = sourcecode.c.objc; path = AppDelegate.m; sourceTree = "<group>"; };
		30C7EEF11A85C1C1002C1417 /* ViewController.h */ = {isa = PBXFileReference; lastKnownFileType = sourcecode.c.h; path = ViewController.h; sourceTree = "<group>"; };
		30C7EEF21A85C1C1002C1417 /* ViewController.m */ = {isa = PBXFileReference; lastKnownFileType = sourcecode.c.objc; path = ViewController.m; sourceTree = "<group>"; };
		30C7EEF51A85C1C1002C1417 /* Base */ = {isa = PBXFileReference; lastKnownFileType = file.storyboard; name = Base; path = Base.lproj/Main.storyboard; sourceTree = "<group>"; };
		30C7EEF71A85C1C1002C1417 /* Images.xcassets */ = {isa = PBXFileReference; lastKnownFileType = folder.assetcatalog; path = Images.xcassets; sourceTree = "<group>"; };
		30C7EEFA1A85C1C1002C1417 /* Base */ = {isa = PBXFileReference; lastKnownFileType = file.xib; name = Base; path = Base.lproj/LaunchScreen.xib; sourceTree = "<group>"; };
		30C7EF001A85C1C1002C1417 /* SudoMusicTests.xctest */ = {isa = PBXFileReference; explicitFileType = wrapper.cfbundle; includeInIndex = 0; path = SudoMusicTests.xctest; sourceTree = BUILT_PRODUCTS_DIR; };
		30C7EF051A85C1C1002C1417 /* Info.plist */ = {isa = PBXFileReference; lastKnownFileType = text.plist.xml; path = Info.plist; sourceTree = "<group>"; };
		30C7EF061A85C1C1002C1417 /* SudoMusicTests.m */ = {isa = PBXFileReference; lastKnownFileType = sourcecode.c.objc; path = SudoMusicTests.m; sourceTree = "<group>"; };
		30C7EF101A85C1F1002C1417 /* AVFoundation.framework */ = {isa = PBXFileReference; lastKnownFileType = wrapper.framework; name = AVFoundation.framework; path = System/Library/Frameworks/AVFoundation.framework; sourceTree = SDKROOT; };
		6C4DF996241BE30C347BA493 /* libPods.a */ = {isa = PBXFileReference; explicitFileType = archive.ar; includeInIndex = 0; path = libPods.a; sourceTree = BUILT_PRODUCTS_DIR; };
		9E9819771A85CBD900470A53 /* QRCameraSwitchButton.h */ = {isa = PBXFileReference; fileEncoding = 4; lastKnownFileType = sourcecode.c.h; name = QRCameraSwitchButton.h; path = QRCodeReaderViewController/QRCameraSwitchButton.h; sourceTree = "<group>"; };
		9E9819781A85CBD900470A53 /* QRCameraSwitchButton.m */ = {isa = PBXFileReference; fileEncoding = 4; lastKnownFileType = sourcecode.c.objc; name = QRCameraSwitchButton.m; path = QRCodeReaderViewController/QRCameraSwitchButton.m; sourceTree = "<group>"; };
		9E9819791A85CBD900470A53 /* QRCodeReaderDelegate.h */ = {isa = PBXFileReference; fileEncoding = 4; lastKnownFileType = sourcecode.c.h; name = QRCodeReaderDelegate.h; path = QRCodeReaderViewController/QRCodeReaderDelegate.h; sourceTree = "<group>"; };
		9E98197A1A85CBD900470A53 /* QRCodeReaderView.h */ = {isa = PBXFileReference; fileEncoding = 4; lastKnownFileType = sourcecode.c.h; name = QRCodeReaderView.h; path = QRCodeReaderViewController/QRCodeReaderView.h; sourceTree = "<group>"; };
		9E98197B1A85CBD900470A53 /* QRCodeReaderView.m */ = {isa = PBXFileReference; fileEncoding = 4; lastKnownFileType = sourcecode.c.objc; name = QRCodeReaderView.m; path = QRCodeReaderViewController/QRCodeReaderView.m; sourceTree = "<group>"; };
		9E98197C1A85CBD900470A53 /* QRCodeReaderViewController.h */ = {isa = PBXFileReference; fileEncoding = 4; lastKnownFileType = sourcecode.c.h; name = QRCodeReaderViewController.h; path = QRCodeReaderViewController/QRCodeReaderViewController.h; sourceTree = "<group>"; };
		9E98197D1A85CBD900470A53 /* QRCodeReaderViewController.m */ = {isa = PBXFileReference; fileEncoding = 4; lastKnownFileType = sourcecode.c.objc; name = QRCodeReaderViewController.m; path = QRCodeReaderViewController/QRCodeReaderViewController.m; sourceTree = "<group>"; };
		9EE11E301A85D9D30081031F /* InitialViewController.h */ = {isa = PBXFileReference; fileEncoding = 4; lastKnownFileType = sourcecode.c.h; name = InitialViewController.h; path = SudoMusic/InitialViewController.h; sourceTree = "<group>"; };
		9EE11E311A85D9D30081031F /* InitialViewController.m */ = {isa = PBXFileReference; fileEncoding = 4; lastKnownFileType = sourcecode.c.objc; name = InitialViewController.m; path = SudoMusic/InitialViewController.m; sourceTree = "<group>"; };
		E0385A80C7D4D9300909F5F8 /* Pods.release.xcconfig */ = {isa = PBXFileReference; includeInIndex = 1; lastKnownFileType = text.xcconfig; name = Pods.release.xcconfig; path = "Pods/Target Support Files/Pods/Pods.release.xcconfig"; sourceTree = "<group>"; };
/* End PBXFileReference section */

/* Begin PBXFrameworksBuildPhase section */
		30C7EEE41A85C1C1002C1417 /* Frameworks */ = {
			isa = PBXFrameworksBuildPhase;
			buildActionMask = 2147483647;
			files = (
				30C7EF111A85C1F1002C1417 /* AVFoundation.framework in Frameworks */,
				C29C081E70DE0BE064E9A3C0 /* libPods.a in Frameworks */,
			);
			runOnlyForDeploymentPostprocessing = 0;
		};
		30C7EEFD1A85C1C1002C1417 /* Frameworks */ = {
			isa = PBXFrameworksBuildPhase;
			buildActionMask = 2147483647;
			files = (
			);
			runOnlyForDeploymentPostprocessing = 0;
		};
/* End PBXFrameworksBuildPhase section */

/* Begin PBXGroup section */
		30C7EEDE1A85C1C1002C1417 = {
			isa = PBXGroup;
			children = (
				9EE11E2F1A85D9A80081031F /* InitialViewController */,
				9E9819761A85CB4700470A53 /* QRCodeReaderViewController */,
				30C7EF101A85C1F1002C1417 /* AVFoundation.framework */,
				30C7EEE91A85C1C1002C1417 /* SudoMusic */,
				30C7EF031A85C1C1002C1417 /* SudoMusicTests */,
				30C7EEE81A85C1C1002C1417 /* Products */,
				643DEE7F00ADDC1CD98660B7 /* Pods */,
				45D5649833DA3A50A27C8C85 /* Frameworks */,
			);
			sourceTree = "<group>";
		};
		30C7EEE81A85C1C1002C1417 /* Products */ = {
			isa = PBXGroup;
			children = (
				30C7EEE71A85C1C1002C1417 /* SudoMusic.app */,
				30C7EF001A85C1C1002C1417 /* SudoMusicTests.xctest */,
			);
			name = Products;
			sourceTree = "<group>";
		};
		30C7EEE91A85C1C1002C1417 /* SudoMusic */ = {
			isa = PBXGroup;
			children = (
				30C7EEEE1A85C1C1002C1417 /* AppDelegate.h */,
				30C7EEEF1A85C1C1002C1417 /* AppDelegate.m */,
				30C7EEF11A85C1C1002C1417 /* ViewController.h */,
				30C7EEF21A85C1C1002C1417 /* ViewController.m */,
				30C7EEF41A85C1C1002C1417 /* Main.storyboard */,
				30C7EEF71A85C1C1002C1417 /* Images.xcassets */,
				30C7EEF91A85C1C1002C1417 /* LaunchScreen.xib */,
				30C7EEEA1A85C1C1002C1417 /* Supporting Files */,
			);
			path = SudoMusic;
			sourceTree = "<group>";
		};
		30C7EEEA1A85C1C1002C1417 /* Supporting Files */ = {
			isa = PBXGroup;
			children = (
				30C7EEEB1A85C1C1002C1417 /* Info.plist */,
				30C7EEEC1A85C1C1002C1417 /* main.m */,
			);
			name = "Supporting Files";
			sourceTree = "<group>";
		};
		30C7EF031A85C1C1002C1417 /* SudoMusicTests */ = {
			isa = PBXGroup;
			children = (
				30C7EF061A85C1C1002C1417 /* SudoMusicTests.m */,
				30C7EF041A85C1C1002C1417 /* Supporting Files */,
			);
			path = SudoMusicTests;
			sourceTree = "<group>";
		};
		30C7EF041A85C1C1002C1417 /* Supporting Files */ = {
			isa = PBXGroup;
			children = (
				30C7EF051A85C1C1002C1417 /* Info.plist */,
			);
			name = "Supporting Files";
			sourceTree = "<group>";
		};
		45D5649833DA3A50A27C8C85 /* Frameworks */ = {
			isa = PBXGroup;
			children = (
				6C4DF996241BE30C347BA493 /* libPods.a */,
			);
			name = Frameworks;
			sourceTree = "<group>";
		};
		643DEE7F00ADDC1CD98660B7 /* Pods */ = {
			isa = PBXGroup;
			children = (
				1D16056CFCD5D6016BAA94CD /* Pods.debug.xcconfig */,
				E0385A80C7D4D9300909F5F8 /* Pods.release.xcconfig */,
			);
			name = Pods;
			sourceTree = "<group>";
		};
		9E9819761A85CB4700470A53 /* QRCodeReaderViewController */ = {
			isa = PBXGroup;
			children = (
				9E9819771A85CBD900470A53 /* QRCameraSwitchButton.h */,
				9E9819781A85CBD900470A53 /* QRCameraSwitchButton.m */,
				9E9819791A85CBD900470A53 /* QRCodeReaderDelegate.h */,
				9E98197A1A85CBD900470A53 /* QRCodeReaderView.h */,
				9E98197B1A85CBD900470A53 /* QRCodeReaderView.m */,
				9E98197C1A85CBD900470A53 /* QRCodeReaderViewController.h */,
				9E98197D1A85CBD900470A53 /* QRCodeReaderViewController.m */,
			);
			name = QRCodeReaderViewController;
			sourceTree = "<group>";
		};
		9EE11E2F1A85D9A80081031F /* InitialViewController */ = {
			isa = PBXGroup;
			children = (
				9EE11E301A85D9D30081031F /* InitialViewController.h */,
				9EE11E311A85D9D30081031F /* InitialViewController.m */,
			);
			name = InitialViewController;
			sourceTree = "<group>";
		};
/* End PBXGroup section */

/* Begin PBXNativeTarget section */
		30C7EEE61A85C1C1002C1417 /* SudoMusic */ = {
			isa = PBXNativeTarget;
			buildConfigurationList = 30C7EF0A1A85C1C1002C1417 /* Build configuration list for PBXNativeTarget "SudoMusic" */;
			buildPhases = (
				DA7E95B2E19692B1B4D0D051 /* Check Pods Manifest.lock */,
				30C7EEE31A85C1C1002C1417 /* Sources */,
				30C7EEE41A85C1C1002C1417 /* Frameworks */,
				30C7EEE51A85C1C1002C1417 /* Resources */,
				05987A28E8B3B34C1E72FFEA /* Copy Pods Resources */,
			);
			buildRules = (
			);
			dependencies = (
			);
			name = SudoMusic;
			productName = SudoMusic;
			productReference = 30C7EEE71A85C1C1002C1417 /* SudoMusic.app */;
			productType = "com.apple.product-type.application";
		};
		30C7EEFF1A85C1C1002C1417 /* SudoMusicTests */ = {
			isa = PBXNativeTarget;
			buildConfigurationList = 30C7EF0D1A85C1C1002C1417 /* Build configuration list for PBXNativeTarget "SudoMusicTests" */;
			buildPhases = (
				30C7EEFC1A85C1C1002C1417 /* Sources */,
				30C7EEFD1A85C1C1002C1417 /* Frameworks */,
				30C7EEFE1A85C1C1002C1417 /* Resources */,
			);
			buildRules = (
			);
			dependencies = (
				30C7EF021A85C1C1002C1417 /* PBXTargetDependency */,
			);
			name = SudoMusicTests;
			productName = SudoMusicTests;
			productReference = 30C7EF001A85C1C1002C1417 /* SudoMusicTests.xctest */;
			productType = "com.apple.product-type.bundle.unit-test";
		};
/* End PBXNativeTarget section */

/* Begin PBXProject section */
		30C7EEDF1A85C1C1002C1417 /* Project object */ = {
			isa = PBXProject;
			attributes = {
				LastUpgradeCheck = 0610;
				ORGANIZATIONNAME = "Jeffrey Liu";
				TargetAttributes = {
					30C7EEE61A85C1C1002C1417 = {
						CreatedOnToolsVersion = 6.1.1;
					};
					30C7EEFF1A85C1C1002C1417 = {
						CreatedOnToolsVersion = 6.1.1;
						TestTargetID = 30C7EEE61A85C1C1002C1417;
					};
				};
			};
			buildConfigurationList = 30C7EEE21A85C1C1002C1417 /* Build configuration list for PBXProject "SudoMusic" */;
			compatibilityVersion = "Xcode 3.2";
			developmentRegion = English;
			hasScannedForEncodings = 0;
			knownRegions = (
				en,
				Base,
			);
			mainGroup = 30C7EEDE1A85C1C1002C1417;
			productRefGroup = 30C7EEE81A85C1C1002C1417 /* Products */;
			projectDirPath = "";
			projectRoot = "";
			targets = (
				30C7EEE61A85C1C1002C1417 /* SudoMusic */,
				30C7EEFF1A85C1C1002C1417 /* SudoMusicTests */,
			);
		};
/* End PBXProject section */

/* Begin PBXResourcesBuildPhase section */
		30C7EEE51A85C1C1002C1417 /* Resources */ = {
			isa = PBXResourcesBuildPhase;
			buildActionMask = 2147483647;
			files = (
				30C7EEF61A85C1C1002C1417 /* Main.storyboard in Resources */,
				30C7EEFB1A85C1C1002C1417 /* LaunchScreen.xib in Resources */,
				30C7EEF81A85C1C1002C1417 /* Images.xcassets in Resources */,
			);
			runOnlyForDeploymentPostprocessing = 0;
		};
		30C7EEFE1A85C1C1002C1417 /* Resources */ = {
			isa = PBXResourcesBuildPhase;
			buildActionMask = 2147483647;
			files = (
			);
			runOnlyForDeploymentPostprocessing = 0;
		};
/* End PBXResourcesBuildPhase section */

/* Begin PBXShellScriptBuildPhase section */
		05987A28E8B3B34C1E72FFEA /* Copy Pods Resources */ = {
			isa = PBXShellScriptBuildPhase;
			buildActionMask = 2147483647;
			files = (
			);
			inputPaths = (
			);
			name = "Copy Pods Resources";
			outputPaths = (
			);
			runOnlyForDeploymentPostprocessing = 0;
			shellPath = /bin/sh;
			shellScript = "\"${SRCROOT}/Pods/Target Support Files/Pods/Pods-resources.sh\"\n";
			showEnvVarsInLog = 0;
		};
		DA7E95B2E19692B1B4D0D051 /* Check Pods Manifest.lock */ = {
			isa = PBXShellScriptBuildPhase;
			buildActionMask = 2147483647;
			files = (
			);
			inputPaths = (
			);
			name = "Check Pods Manifest.lock";
			outputPaths = (
			);
			runOnlyForDeploymentPostprocessing = 0;
			shellPath = /bin/sh;
			shellScript = "diff \"${PODS_ROOT}/../Podfile.lock\" \"${PODS_ROOT}/Manifest.lock\" > /dev/null\nif [[ $? != 0 ]] ; then\n    cat << EOM\nerror: The sandbox is not in sync with the Podfile.lock. Run 'pod install' or update your CocoaPods installation.\nEOM\n    exit 1\nfi\n";
			showEnvVarsInLog = 0;
		};
/* End PBXShellScriptBuildPhase section */

/* Begin PBXSourcesBuildPhase section */
		30C7EEE31A85C1C1002C1417 /* Sources */ = {
			isa = PBXSourcesBuildPhase;
			buildActionMask = 2147483647;
			files = (
				30C7EEF31A85C1C1002C1417 /* ViewController.m in Sources */,
				9E9819801A85CBD900470A53 /* QRCodeReaderViewController.m in Sources */,
				30C7EEF01A85C1C1002C1417 /* AppDelegate.m in Sources */,
				9E98197F1A85CBD900470A53 /* QRCodeReaderView.m in Sources */,
				30C7EEED1A85C1C1002C1417 /* main.m in Sources */,
				9EE11E321A85D9D30081031F /* InitialViewController.m in Sources */,
				9E98197E1A85CBD900470A53 /* QRCameraSwitchButton.m in Sources */,
			);
			runOnlyForDeploymentPostprocessing = 0;
		};
		30C7EEFC1A85C1C1002C1417 /* Sources */ = {
			isa = PBXSourcesBuildPhase;
			buildActionMask = 2147483647;
			files = (
				30C7EF071A85C1C1002C1417 /* SudoMusicTests.m in Sources */,
			);
			runOnlyForDeploymentPostprocessing = 0;
		};
/* End PBXSourcesBuildPhase section */

/* Begin PBXTargetDependency section */
		30C7EF021A85C1C1002C1417 /* PBXTargetDependency */ = {
			isa = PBXTargetDependency;
			target = 30C7EEE61A85C1C1002C1417 /* SudoMusic */;
			targetProxy = 30C7EF011A85C1C1002C1417 /* PBXContainerItemProxy */;
		};
/* End PBXTargetDependency section */

/* Begin PBXVariantGroup section */
		30C7EEF41A85C1C1002C1417 /* Main.storyboard */ = {
			isa = PBXVariantGroup;
			children = (
				30C7EEF51A85C1C1002C1417 /* Base */,
			);
			name = Main.storyboard;
			sourceTree = "<group>";
		};
		30C7EEF91A85C1C1002C1417 /* LaunchScreen.xib */ = {
			isa = PBXVariantGroup;
			children = (
				30C7EEFA1A85C1C1002C1417 /* Base */,
			);
			name = LaunchScreen.xib;
			sourceTree = "<group>";
		};
/* End PBXVariantGroup section */

/* Begin XCBuildConfiguration section */
		30C7EF081A85C1C1002C1417 /* Debug */ = {
			isa = XCBuildConfiguration;
			buildSettings = {
				ALWAYS_SEARCH_USER_PATHS = NO;
				CLANG_CXX_LANGUAGE_STANDARD = "gnu++0x";
				CLANG_CXX_LIBRARY = "libc++";
				CLANG_ENABLE_MODULES = YES;
				CLANG_ENABLE_OBJC_ARC = YES;
				CLANG_WARN_BOOL_CONVERSION = YES;
				CLANG_WARN_CONSTANT_CONVERSION = YES;
				CLANG_WARN_DIRECT_OBJC_ISA_USAGE = YES_ERROR;
				CLANG_WARN_EMPTY_BODY = YES;
				CLANG_WARN_ENUM_CONVERSION = YES;
				CLANG_WARN_INT_CONVERSION = YES;
				CLANG_WARN_OBJC_ROOT_CLASS = YES_ERROR;
				CLANG_WARN_UNREACHABLE_CODE = YES;
				CLANG_WARN__DUPLICATE_METHOD_MATCH = YES;
				"CODE_SIGN_IDENTITY[sdk=iphoneos*]" = "iPhone Developer";
				COPY_PHASE_STRIP = NO;
				ENABLE_STRICT_OBJC_MSGSEND = YES;
				GCC_C_LANGUAGE_STANDARD = gnu99;
				GCC_DYNAMIC_NO_PIC = NO;
				GCC_OPTIMIZATION_LEVEL = 0;
				GCC_PREPROCESSOR_DEFINITIONS = (
					"DEBUG=1",
					"$(inherited)",
				);
				GCC_SYMBOLS_PRIVATE_EXTERN = NO;
				GCC_WARN_64_TO_32_BIT_CONVERSION = YES;
				GCC_WARN_ABOUT_RETURN_TYPE = YES_ERROR;
				GCC_WARN_UNDECLARED_SELECTOR = YES;
				GCC_WARN_UNINITIALIZED_AUTOS = YES_AGGRESSIVE;
				GCC_WARN_UNUSED_FUNCTION = YES;
				GCC_WARN_UNUSED_VARIABLE = YES;
				IPHONEOS_DEPLOYMENT_TARGET = 8.1;
				MTL_ENABLE_DEBUG_INFO = YES;
				ONLY_ACTIVE_ARCH = YES;
				SDKROOT = iphoneos;
			};
			name = Debug;
		};
		30C7EF091A85C1C1002C1417 /* Release */ = {
			isa = XCBuildConfiguration;
			buildSettings = {
				ALWAYS_SEARCH_USER_PATHS = NO;
				CLANG_CXX_LANGUAGE_STANDARD = "gnu++0x";
				CLANG_CXX_LIBRARY = "libc++";
				CLANG_ENABLE_MODULES = YES;
				CLANG_ENABLE_OBJC_ARC = YES;
				CLANG_WARN_BOOL_CONVERSION = YES;
				CLANG_WARN_CONSTANT_CONVERSION = YES;
				CLANG_WARN_DIRECT_OBJC_ISA_USAGE = YES_ERROR;
				CLANG_WARN_EMPTY_BODY = YES;
				CLANG_WARN_ENUM_CONVERSION = YES;
				CLANG_WARN_INT_CONVERSION = YES;
				CLANG_WARN_OBJC_ROOT_CLASS = YES_ERROR;
				CLANG_WARN_UNREACHABLE_CODE = YES;
				CLANG_WARN__DUPLICATE_METHOD_MATCH = YES;
				"CODE_SIGN_IDENTITY[sdk=iphoneos*]" = "iPhone Developer";
				COPY_PHASE_STRIP = YES;
				ENABLE_NS_ASSERTIONS = NO;
				ENABLE_STRICT_OBJC_MSGSEND = YES;
				GCC_C_LANGUAGE_STANDARD = gnu99;
				GCC_WARN_64_TO_32_BIT_CONVERSION = YES;
				GCC_WARN_ABOUT_RETURN_TYPE = YES_ERROR;
				GCC_WARN_UNDECLARED_SELECTOR = YES;
				GCC_WARN_UNINITIALIZED_AUTOS = YES_AGGRESSIVE;
				GCC_WARN_UNUSED_FUNCTION = YES;
				GCC_WARN_UNUSED_VARIABLE = YES;
				IPHONEOS_DEPLOYMENT_TARGET = 8.1;
				MTL_ENABLE_DEBUG_INFO = NO;
				SDKROOT = iphoneos;
				VALIDATE_PRODUCT = YES;
			};
			name = Release;
		};
		30C7EF0B1A85C1C1002C1417 /* Debug */ = {
			isa = XCBuildConfiguration;
			baseConfigurationReference = 1D16056CFCD5D6016BAA94CD /* Pods.debug.xcconfig */;
			buildSettings = {
				ASSETCATALOG_COMPILER_APPICON_NAME = AppIcon;
				INFOPLIST_FILE = SudoMusic/Info.plist;
				LD_RUNPATH_SEARCH_PATHS = "$(inherited) @executable_path/Frameworks";
				PRODUCT_NAME = "$(TARGET_NAME)";
			};
			name = Debug;
		};
		30C7EF0C1A85C1C1002C1417 /* Release */ = {
			isa = XCBuildConfiguration;
			baseConfigurationReference = E0385A80C7D4D9300909F5F8 /* Pods.release.xcconfig */;
			buildSettings = {
				ASSETCATALOG_COMPILER_APPICON_NAME = AppIcon;
				INFOPLIST_FILE = SudoMusic/Info.plist;
				LD_RUNPATH_SEARCH_PATHS = "$(inherited) @executable_path/Frameworks";
				PRODUCT_NAME = "$(TARGET_NAME)";
			};
			name = Release;
		};
		30C7EF0E1A85C1C1002C1417 /* Debug */ = {
			isa = XCBuildConfiguration;
			buildSettings = {
				BUNDLE_LOADER = "$(TEST_HOST)";
				FRAMEWORK_SEARCH_PATHS = (
					"$(SDKROOT)/Developer/Library/Frameworks",
					"$(inherited)",
				);
				GCC_PREPROCESSOR_DEFINITIONS = (
					"DEBUG=1",
					"$(inherited)",
				);
				INFOPLIST_FILE = SudoMusicTests/Info.plist;
				LD_RUNPATH_SEARCH_PATHS = "$(inherited) @executable_path/Frameworks @loader_path/Frameworks";
				PRODUCT_NAME = "$(TARGET_NAME)";
				TEST_HOST = "$(BUILT_PRODUCTS_DIR)/SudoMusic.app/SudoMusic";
			};
			name = Debug;
		};
		30C7EF0F1A85C1C1002C1417 /* Release */ = {
			isa = XCBuildConfiguration;
			buildSettings = {
				BUNDLE_LOADER = "$(TEST_HOST)";
				FRAMEWORK_SEARCH_PATHS = (
					"$(SDKROOT)/Developer/Library/Frameworks",
					"$(inherited)",
				);
				INFOPLIST_FILE = SudoMusicTests/Info.plist;
				LD_RUNPATH_SEARCH_PATHS = "$(inherited) @executable_path/Frameworks @loader_path/Frameworks";
				PRODUCT_NAME = "$(TARGET_NAME)";
				TEST_HOST = "$(BUILT_PRODUCTS_DIR)/SudoMusic.app/SudoMusic";
			};
			name = Release;
		};
/* End XCBuildConfiguration section */

/* Begin XCConfigurationList section */
		30C7EEE21A85C1C1002C1417 /* Build configuration list for PBXProject "SudoMusic" */ = {
			isa = XCConfigurationList;
			buildConfigurations = (
				30C7EF081A85C1C1002C1417 /* Debug */,
				30C7EF091A85C1C1002C1417 /* Release */,
			);
			defaultConfigurationIsVisible = 0;
			defaultConfigurationName = Release;
		};
		30C7EF0A1A85C1C1002C1417 /* Build configuration list for PBXNativeTarget "SudoMusic" */ = {
			isa = XCConfigurationList;
			buildConfigurations = (
				30C7EF0B1A85C1C1002C1417 /* Debug */,
				30C7EF0C1A85C1C1002C1417 /* Release */,
			);
			defaultConfigurationIsVisible = 0;
			defaultConfigurationName = Release;
		};
		30C7EF0D1A85C1C1002C1417 /* Build configuration list for PBXNativeTarget "SudoMusicTests" */ = {
			isa = XCConfigurationList;
			buildConfigurations = (
				30C7EF0E1A85C1C1002C1417 /* Debug */,
				30C7EF0F1A85C1C1002C1417 /* Release */,
			);
			defaultConfigurationIsVisible = 0;
			defaultConfigurationName = Release;
		};
/* End XCConfigurationList section */
	};
	rootObject = 30C7EEDF1A85C1C1002C1417 /* Project object */;
}
